// !$*UTF8*$!
{
	archiveVersion = 1;
	classes = {
	};
	objectVersion = 50;
	objects = {

/* Begin PBXBuildFile section */
		2F1FE09E2102D66300ADBFB6 /* AppDelegate.swift in Sources */ = {isa = PBXBuildFile; fileRef = 2F1FE09D2102D66300ADBFB6 /* AppDelegate.swift */; };
		2F1FE0A02102D66300ADBFB6 /* ViewController.swift in Sources */ = {isa = PBXBuildFile; fileRef = 2F1FE09F2102D66300ADBFB6 /* ViewController.swift */; };
		2F1FE0A32102D66300ADBFB6 /* Main.storyboard in Resources */ = {isa = PBXBuildFile; fileRef = 2F1FE0A12102D66300ADBFB6 /* Main.storyboard */; };
		2F1FE0A52102D66400ADBFB6 /* Assets.xcassets in Resources */ = {isa = PBXBuildFile; fileRef = 2F1FE0A42102D66400ADBFB6 /* Assets.xcassets */; };
		2F1FE0A82102D66400ADBFB6 /* LaunchScreen.storyboard in Resources */ = {isa = PBXBuildFile; fileRef = 2F1FE0A62102D66400ADBFB6 /* LaunchScreen.storyboard */; };
		2F1FE0B32102D66400ADBFB6 /* YQKitTests.swift in Sources */ = {isa = PBXBuildFile; fileRef = 2F1FE0B22102D66400ADBFB6 /* YQKitTests.swift */; };
		2F1FE0BE2102D66400ADBFB6 /* YQKitUITests.swift in Sources */ = {isa = PBXBuildFile; fileRef = 2F1FE0BD2102D66400ADBFB6 /* YQKitUITests.swift */; };
		2F1FE0CE2102D70800ADBFB6 /* SlowlyShowTransition.swift in Sources */ = {isa = PBXBuildFile; fileRef = 2F1FE0CD2102D70800ADBFB6 /* SlowlyShowTransition.swift */; };
		2F1FE0D12102D7C800ADBFB6 /* SinglePickerController.swift in Sources */ = {isa = PBXBuildFile; fileRef = 2F1FE0D02102D7C800ADBFB6 /* SinglePickerController.swift */; };
/* End PBXBuildFile section */

/* Begin PBXContainerItemProxy section */
		2F1FE0AF2102D66400ADBFB6 /* PBXContainerItemProxy */ = {
			isa = PBXContainerItemProxy;
			containerPortal = 2F1FE0922102D66300ADBFB6 /* Project object */;
			proxyType = 1;
			remoteGlobalIDString = 2F1FE0992102D66300ADBFB6;
			remoteInfo = YQKit;
		};
		2F1FE0BA2102D66400ADBFB6 /* PBXContainerItemProxy */ = {
			isa = PBXContainerItemProxy;
			containerPortal = 2F1FE0922102D66300ADBFB6 /* Project object */;
			proxyType = 1;
			remoteGlobalIDString = 2F1FE0992102D66300ADBFB6;
			remoteInfo = YQKit;
		};
/* End PBXContainerItemProxy section */

/* Begin PBXFileReference section */
		2F1FE09A2102D66300ADBFB6 /* YQKit.app */ = {isa = PBXFileReference; explicitFileType = wrapper.application; includeInIndex = 0; path = YQKit.app; sourceTree = BUILT_PRODUCTS_DIR; };
		2F1FE09D2102D66300ADBFB6 /* AppDelegate.swift */ = {isa = PBXFileReference; lastKnownFileType = sourcecode.swift; path = AppDelegate.swift; sourceTree = "<group>"; };
		2F1FE09F2102D66300ADBFB6 /* ViewController.swift */ = {isa = PBXFileReference; lastKnownFileType = sourcecode.swift; path = ViewController.swift; sourceTree = "<group>"; };
		2F1FE0A22102D66300ADBFB6 /* Base */ = {isa = PBXFileReference; lastKnownFileType = file.storyboard; name = Base; path = Base.lproj/Main.storyboard; sourceTree = "<group>"; };
		2F1FE0A42102D66400ADBFB6 /* Assets.xcassets */ = {isa = PBXFileReference; lastKnownFileType = folder.assetcatalog; path = Assets.xcassets; sourceTree = "<group>"; };
		2F1FE0A72102D66400ADBFB6 /* Base */ = {isa = PBXFileReference; lastKnownFileType = file.storyboard; name = Base; path = Base.lproj/LaunchScreen.storyboard; sourceTree = "<group>"; };
		2F1FE0A92102D66400ADBFB6 /* Info.plist */ = {isa = PBXFileReference; lastKnownFileType = text.plist.xml; path = Info.plist; sourceTree = "<group>"; };
		2F1FE0AE2102D66400ADBFB6 /* YQKitTests.xctest */ = {isa = PBXFileReference; explicitFileType = wrapper.cfbundle; includeInIndex = 0; path = YQKitTests.xctest; sourceTree = BUILT_PRODUCTS_DIR; };
		2F1FE0B22102D66400ADBFB6 /* YQKitTests.swift */ = {isa = PBXFileReference; lastKnownFileType = sourcecode.swift; path = YQKitTests.swift; sourceTree = "<group>"; };
		2F1FE0B42102D66400ADBFB6 /* Info.plist */ = {isa = PBXFileReference; lastKnownFileType = text.plist.xml; path = Info.plist; sourceTree = "<group>"; };
		2F1FE0B92102D66400ADBFB6 /* YQKitUITests.xctest */ = {isa = PBXFileReference; explicitFileType = wrapper.cfbundle; includeInIndex = 0; path = YQKitUITests.xctest; sourceTree = BUILT_PRODUCTS_DIR; };
		2F1FE0BD2102D66400ADBFB6 /* YQKitUITests.swift */ = {isa = PBXFileReference; lastKnownFileType = sourcecode.swift; path = YQKitUITests.swift; sourceTree = "<group>"; };
		2F1FE0BF2102D66400ADBFB6 /* Info.plist */ = {isa = PBXFileReference; lastKnownFileType = text.plist.xml; path = Info.plist; sourceTree = "<group>"; };
		2F1FE0CD2102D70800ADBFB6 /* SlowlyShowTransition.swift */ = {isa = PBXFileReference; lastKnownFileType = sourcecode.swift; path = SlowlyShowTransition.swift; sourceTree = "<group>"; };
		2F1FE0D02102D7C800ADBFB6 /* SinglePickerController.swift */ = {isa = PBXFileReference; lastKnownFileType = sourcecode.swift; path = SinglePickerController.swift; sourceTree = "<group>"; };
/* End PBXFileReference section */

/* Begin PBXFrameworksBuildPhase section */
		2F1FE0972102D66300ADBFB6 /* Frameworks */ = {
			isa = PBXFrameworksBuildPhase;
			buildActionMask = 2147483647;
			files = (
			);
			runOnlyForDeploymentPostprocessing = 0;
		};
		2F1FE0AB2102D66400ADBFB6 /* Frameworks */ = {
			isa = PBXFrameworksBuildPhase;
			buildActionMask = 2147483647;
			files = (
			);
			runOnlyForDeploymentPostprocessing = 0;
		};
		2F1FE0B62102D66400ADBFB6 /* Frameworks */ = {
			isa = PBXFrameworksBuildPhase;
			buildActionMask = 2147483647;
			files = (
			);
			runOnlyForDeploymentPostprocessing = 0;
		};
/* End PBXFrameworksBuildPhase section */

/* Begin PBXGroup section */
		2F1FE0912102D66300ADBFB6 = {
			isa = PBXGroup;
			children = (
				2F1FE0CB2102D67600ADBFB6 /* src */,
				2F1FE09C2102D66300ADBFB6 /* YQKit */,
				2F1FE0B12102D66400ADBFB6 /* YQKitTests */,
				2F1FE0BC2102D66400ADBFB6 /* YQKitUITests */,
				2F1FE09B2102D66300ADBFB6 /* Products */,
			);
			sourceTree = "<group>";
		};
		2F1FE09B2102D66300ADBFB6 /* Products */ = {
			isa = PBXGroup;
			children = (
				2F1FE09A2102D66300ADBFB6 /* YQKit.app */,
				2F1FE0AE2102D66400ADBFB6 /* YQKitTests.xctest */,
				2F1FE0B92102D66400ADBFB6 /* YQKitUITests.xctest */,
			);
			name = Products;
			sourceTree = "<group>";
		};
		2F1FE09C2102D66300ADBFB6 /* YQKit */ = {
			isa = PBXGroup;
			children = (
				2F1FE09D2102D66300ADBFB6 /* AppDelegate.swift */,
				2F1FE09F2102D66300ADBFB6 /* ViewController.swift */,
				2F1FE0A12102D66300ADBFB6 /* Main.storyboard */,
				2F1FE0A42102D66400ADBFB6 /* Assets.xcassets */,
				2F1FE0A62102D66400ADBFB6 /* LaunchScreen.storyboard */,
				2F1FE0A92102D66400ADBFB6 /* Info.plist */,
			);
			path = YQKit;
			sourceTree = "<group>";
		};
		2F1FE0B12102D66400ADBFB6 /* YQKitTests */ = {
			isa = PBXGroup;
			children = (
				2F1FE0B22102D66400ADBFB6 /* YQKitTests.swift */,
				2F1FE0B42102D66400ADBFB6 /* Info.plist */,
			);
			path = YQKitTests;
			sourceTree = "<group>";
		};
		2F1FE0BC2102D66400ADBFB6 /* YQKitUITests */ = {
			isa = PBXGroup;
			children = (
				2F1FE0BD2102D66400ADBFB6 /* YQKitUITests.swift */,
				2F1FE0BF2102D66400ADBFB6 /* Info.plist */,
			);
			path = YQKitUITests;
			sourceTree = "<group>";
		};
		2F1FE0CB2102D67600ADBFB6 /* src */ = {
			isa = PBXGroup;
			children = (
				2F1FE0D22102E58300ADBFB6 /* Search */,
				2F1FE0CF2102D7A200ADBFB6 /* Picker */,
				2F1FE0CC2102D6A200ADBFB6 /* Transition */,
			);
			path = src;
			sourceTree = "<group>";
		};
		2F1FE0CC2102D6A200ADBFB6 /* Transition */ = {
			isa = PBXGroup;
			children = (
				2F1FE0CD2102D70800ADBFB6 /* SlowlyShowTransition.swift */,
			);
			path = Transition;
			sourceTree = "<group>";
		};
		2F1FE0CF2102D7A200ADBFB6 /* Picker */ = {
			isa = PBXGroup;
			children = (
				2F1FE0D02102D7C800ADBFB6 /* SinglePickerController.swift */,
			);
			path = Picker;
			sourceTree = "<group>";
		};
		2F1FE0D22102E58300ADBFB6 /* Search */ = {
			isa = PBXGroup;
			children = (
			);
			path = Search;
			sourceTree = "<group>";
		};
/* End PBXGroup section */

/* Begin PBXNativeTarget section */
		2F1FE0992102D66300ADBFB6 /* YQKit */ = {
			isa = PBXNativeTarget;
			buildConfigurationList = 2F1FE0C22102D66400ADBFB6 /* Build configuration list for PBXNativeTarget "YQKit" */;
			buildPhases = (
				2F1FE0962102D66300ADBFB6 /* Sources */,
				2F1FE0972102D66300ADBFB6 /* Frameworks */,
				2F1FE0982102D66300ADBFB6 /* Resources */,
			);
			buildRules = (
			);
			dependencies = (
			);
			name = YQKit;
			productName = YQKit;
			productReference = 2F1FE09A2102D66300ADBFB6 /* YQKit.app */;
			productType = "com.apple.product-type.application";
		};
		2F1FE0AD2102D66400ADBFB6 /* YQKitTests */ = {
			isa = PBXNativeTarget;
			buildConfigurationList = 2F1FE0C52102D66400ADBFB6 /* Build configuration list for PBXNativeTarget "YQKitTests" */;
			buildPhases = (
				2F1FE0AA2102D66400ADBFB6 /* Sources */,
				2F1FE0AB2102D66400ADBFB6 /* Frameworks */,
				2F1FE0AC2102D66400ADBFB6 /* Resources */,
			);
			buildRules = (
			);
			dependencies = (
				2F1FE0B02102D66400ADBFB6 /* PBXTargetDependency */,
			);
			name = YQKitTests;
			productName = YQKitTests;
			productReference = 2F1FE0AE2102D66400ADBFB6 /* YQKitTests.xctest */;
			productType = "com.apple.product-type.bundle.unit-test";
		};
		2F1FE0B82102D66400ADBFB6 /* YQKitUITests */ = {
			isa = PBXNativeTarget;
			buildConfigurationList = 2F1FE0C82102D66400ADBFB6 /* Build configuration list for PBXNativeTarget "YQKitUITests" */;
			buildPhases = (
				2F1FE0B52102D66400ADBFB6 /* Sources */,
				2F1FE0B62102D66400ADBFB6 /* Frameworks */,
				2F1FE0B72102D66400ADBFB6 /* Resources */,
			);
			buildRules = (
			);
			dependencies = (
				2F1FE0BB2102D66400ADBFB6 /* PBXTargetDependency */,
			);
			name = YQKitUITests;
			productName = YQKitUITests;
			productReference = 2F1FE0B92102D66400ADBFB6 /* YQKitUITests.xctest */;
			productType = "com.apple.product-type.bundle.ui-testing";
		};
/* End PBXNativeTarget section */

/* Begin PBXProject section */
		2F1FE0922102D66300ADBFB6 /* Project object */ = {
			isa = PBXProject;
			attributes = {
				LastSwiftUpdateCheck = 0940;
				LastUpgradeCheck = 0940;
				ORGANIZATIONNAME = sungrow;
				TargetAttributes = {
					2F1FE0992102D66300ADBFB6 = {
						CreatedOnToolsVersion = 9.4;
					};
					2F1FE0AD2102D66400ADBFB6 = {
						CreatedOnToolsVersion = 9.4;
						TestTargetID = 2F1FE0992102D66300ADBFB6;
					};
					2F1FE0B82102D66400ADBFB6 = {
						CreatedOnToolsVersion = 9.4;
						TestTargetID = 2F1FE0992102D66300ADBFB6;
					};
				};
			};
			buildConfigurationList = 2F1FE0952102D66300ADBFB6 /* Build configuration list for PBXProject "YQKit" */;
			compatibilityVersion = "Xcode 9.3";
			developmentRegion = en;
			hasScannedForEncodings = 0;
			knownRegions = (
				en,
				Base,
			);
			mainGroup = 2F1FE0912102D66300ADBFB6;
			productRefGroup = 2F1FE09B2102D66300ADBFB6 /* Products */;
			projectDirPath = "";
			projectRoot = "";
			targets = (
				2F1FE0992102D66300ADBFB6 /* YQKit */,
				2F1FE0AD2102D66400ADBFB6 /* YQKitTests */,
				2F1FE0B82102D66400ADBFB6 /* YQKitUITests */,
			);
		};
/* End PBXProject section */

/* Begin PBXResourcesBuildPhase section */
		2F1FE0982102D66300ADBFB6 /* Resources */ = {
			isa = PBXResourcesBuildPhase;
			buildActionMask = 2147483647;
			files = (
				2F1FE0A82102D66400ADBFB6 /* LaunchScreen.storyboard in Resources */,
				2F1FE0A52102D66400ADBFB6 /* Assets.xcassets in Resources */,
				2F1FE0A32102D66300ADBFB6 /* Main.storyboard in Resources */,
			);
			runOnlyForDeploymentPostprocessing = 0;
		};
		2F1FE0AC2102D66400ADBFB6 /* Resources */ = {
			isa = PBXResourcesBuildPhase;
			buildActionMask = 2147483647;
			files = (
			);
			runOnlyForDeploymentPostprocessing = 0;
		};
		2F1FE0B72102D66400ADBFB6 /* Resources */ = {
			isa = PBXResourcesBuildPhase;
			buildActionMask = 2147483647;
			files = (
			);
			runOnlyForDeploymentPostprocessing = 0;
		};
/* End PBXResourcesBuildPhase section */

/* Begin PBXSourcesBuildPhase section */
		2F1FE0962102D66300ADBFB6 /* Sources */ = {
			isa = PBXSourcesBuildPhase;
			buildActionMask = 2147483647;
			files = (
				2F1FE0CE2102D70800ADBFB6 /* SlowlyShowTransition.swift in Sources */,
				2F1FE0A02102D66300ADBFB6 /* ViewController.swift in Sources */,
				2F1FE09E2102D66300ADBFB6 /* AppDelegate.swift in Sources */,
				2F1FE0D12102D7C800ADBFB6 /* SinglePickerController.swift in Sources */,
			);
			runOnlyForDeploymentPostprocessing = 0;
		};
		2F1FE0AA2102D66400ADBFB6 /* Sources */ = {
			isa = PBXSourcesBuildPhase;
			buildActionMask = 2147483647;
			files = (
				2F1FE0B32102D66400ADBFB6 /* YQKitTests.swift in Sources */,
			);
			runOnlyForDeploymentPostprocessing = 0;
		};
		2F1FE0B52102D66400ADBFB6 /* Sources */ = {
			isa = PBXSourcesBuildPhase;
			buildActionMask = 2147483647;
			files = (
				2F1FE0BE2102D66400ADBFB6 /* YQKitUITests.swift in Sources */,
			);
			runOnlyForDeploymentPostprocessing = 0;
		};
/* End PBXSourcesBuildPhase section */

/* Begin PBXTargetDependency section */
		2F1FE0B02102D66400ADBFB6 /* PBXTargetDependency */ = {
			isa = PBXTargetDependency;
			target = 2F1FE0992102D66300ADBFB6 /* YQKit */;
			targetProxy = 2F1FE0AF2102D66400ADBFB6 /* PBXContainerItemProxy */;
		};
		2F1FE0BB2102D66400ADBFB6 /* PBXTargetDependency */ = {
			isa = PBXTargetDependency;
			target = 2F1FE0992102D66300ADBFB6 /* YQKit */;
			targetProxy = 2F1FE0BA2102D66400ADBFB6 /* PBXContainerItemProxy */;
		};
/* End PBXTargetDependency section */

/* Begin PBXVariantGroup section */
		2F1FE0A12102D66300ADBFB6 /* Main.storyboard */ = {
			isa = PBXVariantGroup;
			children = (
				2F1FE0A22102D66300ADBFB6 /* Base */,
			);
			name = Main.storyboard;
			sourceTree = "<group>";
		};
		2F1FE0A62102D66400ADBFB6 /* LaunchScreen.storyboard */ = {
			isa = PBXVariantGroup;
			children = (
				2F1FE0A72102D66400ADBFB6 /* Base */,
			);
			name = LaunchScreen.storyboard;
			sourceTree = "<group>";
		};
/* End PBXVariantGroup section */

/* Begin XCBuildConfiguration section */
		2F1FE0C02102D66400ADBFB6 /* Debug */ = {
			isa = XCBuildConfiguration;
			buildSettings = {
				ALWAYS_SEARCH_USER_PATHS = NO;
				CLANG_ANALYZER_NONNULL = YES;
				CLANG_ANALYZER_NUMBER_OBJECT_CONVERSION = YES_AGGRESSIVE;
				CLANG_CXX_LANGUAGE_STANDARD = "gnu++14";
				CLANG_CXX_LIBRARY = "libc++";
				CLANG_ENABLE_MODULES = YES;
				CLANG_ENABLE_OBJC_ARC = YES;
				CLANG_ENABLE_OBJC_WEAK = YES;
				CLANG_WARN_BLOCK_CAPTURE_AUTORELEASING = YES;
				CLANG_WARN_BOOL_CONVERSION = YES;
				CLANG_WARN_COMMA = YES;
				CLANG_WARN_CONSTANT_CONVERSION = YES;
				CLANG_WARN_DEPRECATED_OBJC_IMPLEMENTATIONS = YES;
				CLANG_WARN_DIRECT_OBJC_ISA_USAGE = YES_ERROR;
				CLANG_WARN_DOCUMENTATION_COMMENTS = YES;
				CLANG_WARN_EMPTY_BODY = YES;
				CLANG_WARN_ENUM_CONVERSION = YES;
				CLANG_WARN_INFINITE_RECURSION = YES;
				CLANG_WARN_INT_CONVERSION = YES;
				CLANG_WARN_NON_LITERAL_NULL_CONVERSION = YES;
				CLANG_WARN_OBJC_IMPLICIT_RETAIN_SELF = YES;
				CLANG_WARN_OBJC_LITERAL_CONVERSION = YES;
				CLANG_WARN_OBJC_ROOT_CLASS = YES_ERROR;
				CLANG_WARN_RANGE_LOOP_ANALYSIS = YES;
				CLANG_WARN_STRICT_PROTOTYPES = YES;
				CLANG_WARN_SUSPICIOUS_MOVE = YES;
				CLANG_WARN_UNGUARDED_AVAILABILITY = YES_AGGRESSIVE;
				CLANG_WARN_UNREACHABLE_CODE = YES;
				CLANG_WARN__DUPLICATE_METHOD_MATCH = YES;
				CODE_SIGN_IDENTITY = "iPhone Developer";
				COPY_PHASE_STRIP = NO;
				DEBUG_INFORMATION_FORMAT = dwarf;
				ENABLE_STRICT_OBJC_MSGSEND = YES;
				ENABLE_TESTABILITY = YES;
				GCC_C_LANGUAGE_STANDARD = gnu11;
				GCC_DYNAMIC_NO_PIC = NO;
				GCC_NO_COMMON_BLOCKS = YES;
				GCC_OPTIMIZATION_LEVEL = 0;
				GCC_PREPROCESSOR_DEFINITIONS = (
					"DEBUG=1",
					"$(inherited)",
				);
				GCC_WARN_64_TO_32_BIT_CONVERSION = YES;
				GCC_WARN_ABOUT_RETURN_TYPE = YES_ERROR;
				GCC_WARN_UNDECLARED_SELECTOR = YES;
				GCC_WARN_UNINITIALIZED_AUTOS = YES_AGGRESSIVE;
				GCC_WARN_UNUSED_FUNCTION = YES;
				GCC_WARN_UNUSED_VARIABLE = YES;
				IPHONEOS_DEPLOYMENT_TARGET = 11.4;
				MTL_ENABLE_DEBUG_INFO = YES;
				ONLY_ACTIVE_ARCH = YES;
				SDKROOT = iphoneos;
				SWIFT_ACTIVE_COMPILATION_CONDITIONS = DEBUG;
				SWIFT_OPTIMIZATION_LEVEL = "-Onone";
			};
			name = Debug;
		};
		2F1FE0C12102D66400ADBFB6 /* Release */ = {
			isa = XCBuildConfiguration;
			buildSettings = {
				ALWAYS_SEARCH_USER_PATHS = NO;
				CLANG_ANALYZER_NONNULL = YES;
				CLANG_ANALYZER_NUMBER_OBJECT_CONVERSION = YES_AGGRESSIVE;
				CLANG_CXX_LANGUAGE_STANDARD = "gnu++14";
				CLANG_CXX_LIBRARY = "libc++";
				CLANG_ENABLE_MODULES = YES;
				CLANG_ENABLE_OBJC_ARC = YES;
				CLANG_ENABLE_OBJC_WEAK = YES;
				CLANG_WARN_BLOCK_CAPTURE_AUTORELEASING = YES;
				CLANG_WARN_BOOL_CONVERSION = YES;
				CLANG_WARN_COMMA = YES;
				CLANG_WARN_CONSTANT_CONVERSION = YES;
				CLANG_WARN_DEPRECATED_OBJC_IMPLEMENTATIONS = YES;
				CLANG_WARN_DIRECT_OBJC_ISA_USAGE = YES_ERROR;
				CLANG_WARN_DOCUMENTATION_COMMENTS = YES;
				CLANG_WARN_EMPTY_BODY = YES;
				CLANG_WARN_ENUM_CONVERSION = YES;
				CLANG_WARN_INFINITE_RECURSION = YES;
				CLANG_WARN_INT_CONVERSION = YES;
				CLANG_WARN_NON_LITERAL_NULL_CONVERSION = YES;
				CLANG_WARN_OBJC_IMPLICIT_RETAIN_SELF = YES;
				CLANG_WARN_OBJC_LITERAL_CONVERSION = YES;
				CLANG_WARN_OBJC_ROOT_CLASS = YES_ERROR;
				CLANG_WARN_RANGE_LOOP_ANALYSIS = YES;
				CLANG_WARN_STRICT_PROTOTYPES = YES;
				CLANG_WARN_SUSPICIOUS_MOVE = YES;
				CLANG_WARN_UNGUARDED_AVAILABILITY = YES_AGGRESSIVE;
				CLANG_WARN_UNREACHABLE_CODE = YES;
				CLANG_WARN__DUPLICATE_METHOD_MATCH = YES;
				CODE_SIGN_IDENTITY = "iPhone Developer";
				COPY_PHASE_STRIP = NO;
				DEBUG_INFORMATION_FORMAT = "dwarf-with-dsym";
				ENABLE_NS_ASSERTIONS = NO;
				ENABLE_STRICT_OBJC_MSGSEND = YES;
				GCC_C_LANGUAGE_STANDARD = gnu11;
				GCC_NO_COMMON_BLOCKS = YES;
				GCC_WARN_64_TO_32_BIT_CONVERSION = YES;
				GCC_WARN_ABOUT_RETURN_TYPE = YES_ERROR;
				GCC_WARN_UNDECLARED_SELECTOR = YES;
				GCC_WARN_UNINITIALIZED_AUTOS = YES_AGGRESSIVE;
				GCC_WARN_UNUSED_FUNCTION = YES;
				GCC_WARN_UNUSED_VARIABLE = YES;
				IPHONEOS_DEPLOYMENT_TARGET = 11.4;
				MTL_ENABLE_DEBUG_INFO = NO;
				SDKROOT = iphoneos;
				SWIFT_COMPILATION_MODE = wholemodule;
				SWIFT_OPTIMIZATION_LEVEL = "-O";
				VALIDATE_PRODUCT = YES;
			};
			name = Release;
		};
		2F1FE0C32102D66400ADBFB6 /* Debug */ = {
			isa = XCBuildConfiguration;
			buildSettings = {
				ASSETCATALOG_COMPILER_APPICON_NAME = AppIcon;
				CODE_SIGN_STYLE = Automatic;
				INFOPLIST_FILE = YQKit/Info.plist;
				LD_RUNPATH_SEARCH_PATHS = (
					"$(inherited)",
					"@executable_path/Frameworks",
				);
				PRODUCT_BUNDLE_IDENTIFIER = com.sungrow.YQKit;
				PRODUCT_NAME = "$(TARGET_NAME)";
				SWIFT_VERSION = 4.0;
				TARGETED_DEVICE_FAMILY = "1,2";
			};
			name = Debug;
		};
		2F1FE0C42102D66400ADBFB6 /* Release */ = {
			isa = XCBuildConfiguration;
			buildSettings = {
				ASSETCATALOG_COMPILER_APPICON_NAME = AppIcon;
				CODE_SIGN_STYLE = Automatic;
				INFOPLIST_FILE = YQKit/Info.plist;
				LD_RUNPATH_SEARCH_PATHS = (
					"$(inherited)",
					"@executable_path/Frameworks",
				);
				PRODUCT_BUNDLE_IDENTIFIER = com.sungrow.YQKit;
				PRODUCT_NAME = "$(TARGET_NAME)";
				SWIFT_VERSION = 4.0;
				TARGETED_DEVICE_FAMILY = "1,2";
			};
			name = Release;
		};
		2F1FE0C62102D66400ADBFB6 /* Debug */ = {
			isa = XCBuildConfiguration;
			buildSettings = {
				ALWAYS_EMBED_SWIFT_STANDARD_LIBRARIES = YES;
				BUNDLE_LOADER = "$(TEST_HOST)";
				CODE_SIGN_STYLE = Automatic;
				INFOPLIST_FILE = YQKitTests/Info.plist;
				LD_RUNPATH_SEARCH_PATHS = (
					"$(inherited)",
					"@executable_path/Frameworks",
					"@loader_path/Frameworks",
				);
				PRODUCT_BUNDLE_IDENTIFIER = com.sungrow.YQKitTests;
				PRODUCT_NAME = "$(TARGET_NAME)";
				SWIFT_VERSION = 4.0;
				TARGETED_DEVICE_FAMILY = "1,2";
				TEST_HOST = "$(BUILT_PRODUCTS_DIR)/YQKit.app/YQKit";
			};
			name = Debug;
		};
		2F1FE0C72102D66400ADBFB6 /* Release */ = {
			isa = XCBuildConfiguration;
			buildSettings = {
				ALWAYS_EMBED_SWIFT_STANDARD_LIBRARIES = YES;
				BUNDLE_LOADER = "$(TEST_HOST)";
				CODE_SIGN_STYLE = Automatic;
				INFOPLIST_FILE = YQKitTests/Info.plist;
				LD_RUNPATH_SEARCH_PATHS = (
					"$(inherited)",
					"@executable_path/Frameworks",
					"@loader_path/Frameworks",
				);
				PRODUCT_BUNDLE_IDENTIFIER = com.sungrow.YQKitTests;
				PRODUCT_NAME = "$(TARGET_NAME)";
				SWIFT_VERSION = 4.0;
				TARGETED_DEVICE_FAMILY = "1,2";
				TEST_HOST = "$(BUILT_PRODUCTS_DIR)/YQKit.app/YQKit";
			};
			name = Release;
		};
		2F1FE0C92102D66400ADBFB6 /* Debug */ = {
			isa = XCBuildConfiguration;
			buildSettings = {
				ALWAYS_EMBED_SWIFT_STANDARD_LIBRARIES = YES;
				CODE_SIGN_STYLE = Automatic;
				INFOPLIST_FILE = YQKitUITests/Info.plist;
				LD_RUNPATH_SEARCH_PATHS = (
					"$(inherited)",
					"@executable_path/Frameworks",
					"@loader_path/Frameworks",
				);
				PRODUCT_BUNDLE_IDENTIFIER = com.sungrow.YQKitUITests;
				PRODUCT_NAME = "$(TARGET_NAME)";
				SWIFT_VERSION = 4.0;
				TARGETED_DEVICE_FAMILY = "1,2";
				TEST_TARGET_NAME = YQKit;
			};
			name = Debug;
		};
		2F1FE0CA2102D66400ADBFB6 /* Release */ = {
			isa = XCBuildConfiguration;
			buildSettings = {
				ALWAYS_EMBED_SWIFT_STANDARD_LIBRARIES = YES;
				CODE_SIGN_STYLE = Automatic;
				INFOPLIST_FILE = YQKitUITests/Info.plist;
				LD_RUNPATH_SEARCH_PATHS = (
					"$(inherited)",
					"@executable_path/Frameworks",
					"@loader_path/Frameworks",
				);
				PRODUCT_BUNDLE_IDENTIFIER = com.sungrow.YQKitUITests;
				PRODUCT_NAME = "$(TARGET_NAME)";
				SWIFT_VERSION = 4.0;
				TARGETED_DEVICE_FAMILY = "1,2";
				TEST_TARGET_NAME = YQKit;
			};
			name = Release;
		};
/* End XCBuildConfiguration section */

/* Begin XCConfigurationList section */
		2F1FE0952102D66300ADBFB6 /* Build configuration list for PBXProject "YQKit" */ = {
			isa = XCConfigurationList;
			buildConfigurations = (
				2F1FE0C02102D66400ADBFB6 /* Debug */,
				2F1FE0C12102D66400ADBFB6 /* Release */,
			);
			defaultConfigurationIsVisible = 0;
			defaultConfigurationName = Release;
		};
		2F1FE0C22102D66400ADBFB6 /* Build configuration list for PBXNativeTarget "YQKit" */ = {
			isa = XCConfigurationList;
			buildConfigurations = (
				2F1FE0C32102D66400ADBFB6 /* Debug */,
				2F1FE0C42102D66400ADBFB6 /* Release */,
			);
			defaultConfigurationIsVisible = 0;
			defaultConfigurationName = Release;
		};
		2F1FE0C52102D66400ADBFB6 /* Build configuration list for PBXNativeTarget "YQKitTests" */ = {
			isa = XCConfigurationList;
			buildConfigurations = (
				2F1FE0C62102D66400ADBFB6 /* Debug */,
				2F1FE0C72102D66400ADBFB6 /* Release */,
			);
			defaultConfigurationIsVisible = 0;
			defaultConfigurationName = Release;
		};
		2F1FE0C82102D66400ADBFB6 /* Build configuration list for PBXNativeTarget "YQKitUITests" */ = {
			isa = XCConfigurationList;
			buildConfigurations = (
				2F1FE0C92102D66400ADBFB6 /* Debug */,
				2F1FE0CA2102D66400ADBFB6 /* Release */,
			);
			defaultConfigurationIsVisible = 0;
			defaultConfigurationName = Release;
		};
/* End XCConfigurationList section */
	};
	rootObject = 2F1FE0922102D66300ADBFB6 /* Project object */;
}
